
Microsoft Visual Studio Solution File, Format Version 12.00
# Visual Studio Version 17
VisualStudioVersion = 17.4.33403.182
MinimumVisualStudioVersion = 10.0.40219.1
Project("{9A19103F-16F7-4668-BE54-9A1E7A4F7556}") = "GameFreak", "GameFreak\GameFreak.csproj", "{BA118EA1-65FE-44B6-AE92-FB126C230246}"
EndProject
Global
	GlobalSection(SolutionConfigurationPlatforms) = preSolution
		Debug|Any CPU = Debug|Any CPU
		Release|Any CPU = Release|Any CPU
	EndGlobalSection
	GlobalSection(ProjectConfigurationPlatforms) = postSolution
		{BA118EA1-65FE-44B6-AE92-FB126C230246}.Debug|Any CPU.ActiveCfg = Debug|Any CPU
		{BA118EA1-65FE-44B6-AE92-FB126C230246}.Debug|Any CPU.Build.0 = Debug|Any CPU
		{BA118EA1-65FE-44B6-AE92-FB126C230246}.Release|Any CPU.ActiveCfg = Release|Any CPU
		{BA118EA1-65FE-44B6-AE92-FB126C230246}.Release|Any CPU.Build.0 = Release|Any CPU
	EndGlobalSection
	GlobalSection(SolutionProperties) = preSolution
		HideSolutionNode = FALSE
	EndGlobalSection
	GlobalSection(ExtensibilityGlobals) = postSolution
		SolutionGuid = {DD5C002D-2B4D-4B2A-B31C-3A6DEB35FF5C}
	EndGlobalSection
EndGlobal
